{
  "version": 4,
  "terraform_version": "1.4.0",
  "serial": 33,
  "lineage": "01f7f78e-3383-50f2-7371-23332a294e76",
  "outputs": {},
  "resources": [
    {
      "mode": "data",
      "type": "digitalocean_ssh_key",
      "name": "josue",
      "provider": "provider[\"registry.terraform.io/digitalocean/digitalocean\"]",
      "instances": [
        {
          "schema_version": 0,
          "attributes": {
            "fingerprint": "9c:f0:60:ea:b7:c2:27:46:f2:9f:c6:4e:7e:9e:c3:e2",
            "id": 37764479,
            "name": "jb",
            "public_key": "ssh-rsa AAAAB3NzaC1yc2EAAAADAQABAAABgQC+vJxXjlrLgk7pRClWcd3p+QiHwACOmRhpCJFpNFp3MDP1PVMKCXcutjhIci3wERCRmYVG/zB/lC1TySJtYwvIrFxRkYDixoi6sB/vWPz0QvzFA0yyZx/0Yu6I2Xi/A/ybaRyto4Daq4hpN+y/8ahqcPM20l//HaE2vNBTgUO80QxAPaPQKDvjhnV2yb4UZFOz3BaFsjj9SJ+RXMjNPSMvNI2n6IEhcEc3CYSnWyj2uz2BlYlqxa203eTrHu0XQmLFoju0wN+kAm/WO7UpOchHPsoGxsypq93WBYjsDMegmhHX7uNANHMucnbPpePzM5G0OnSSjFQzKxma42HDptY8pZdyeO/B35c2ta8J3PXV9GyxOZxc2fiZvcakj3aAUbm9aAC3BXRuFHWKClkFVxirzRzvSzSBBMHzOjx84S/oBMohQfoC4GjCrvd1xKH6F68ZNGstf1kliyUiJw/fLXuL6G1M4WBjcmT5qbzBG42CFThLDMdGBl4uIbwXIra4FBU= josue@LAPTOP-L1NK23PC"
          },
          "sensitive_attributes": []
        }
      ]
    },
    {
      "mode": "managed",
      "type": "digitalocean_droplet",
      "name": "josue",
      "provider": "provider[\"registry.terraform.io/digitalocean/digitalocean\"]",
      "instances": [
        {
          "schema_version": 1,
          "attributes": {
            "backups": false,
            "created_at": "2023-03-20T00:32:36Z",
            "disk": 25,
            "id": "346264511",
            "image": "ubuntu-20-04-x64",
            "ipv4_address": "137.184.101.5",
            "ipv4_address_private": "10.116.0.2",
            "ipv6": false,
            "ipv6_address": "",
            "locked": false,
            "memory": 1024,
            "monitoring": false,
            "name": "mjb2",
            "price_hourly": 0.00893,
            "price_monthly": 6,
            "private_networking": true,
            "region": "nyc1",
            "resize_disk": true,
            "size": "s-1vcpu-1gb",
            "ssh_keys": [
              "37764479"
            ],
            "status": "active",
            "tags": null,
            "urn": "do:droplet:346264511",
            "user_data": null,
            "vcpus": 1,
            "volume_ids": [],
            "vpc_uuid": "c359c6f2-a379-4f92-acd0-c43cfd454de3"
          },
          "sensitive_attributes": [],
          "private": "eyJzY2hlbWFfdmVyc2lvbiI6IjEifQ==",
          "dependencies": [
            "data.digitalocean_ssh_key.josue"
          ]
        }
      ]
    }
  ],
  "check_results": null
}
